// !$*UTF8*$!
{
	archiveVersion = 1;
	classes = {
	};
	objectVersion = 48;
	objects = {

/* Begin PBXBuildFile section */
		4424A20020C54E1200C61B11 /* UITextFieldExtension.swift in Sources */ = {isa = PBXBuildFile; fileRef = 4424A1FF20C54E1200C61B11 /* UITextFieldExtension.swift */; };
		447EA9CA20BFF62200B89A28 /* ForgotVC.swift in Sources */ = {isa = PBXBuildFile; fileRef = 447EA9C920BFF62200B89A28 /* ForgotVC.swift */; };
		447EA9CB20C01E6500B89A28 /* Localizable.strings in Resources */ = {isa = PBXBuildFile; fileRef = 447EA9CD20C01E6500B89A28 /* Localizable.strings */; };
		448446AD20BE676F00207259 /* AppDelegate.swift in Sources */ = {isa = PBXBuildFile; fileRef = 448446AC20BE676F00207259 /* AppDelegate.swift */; };
		448446B420BE676F00207259 /* Assets.xcassets in Resources */ = {isa = PBXBuildFile; fileRef = 448446B320BE676F00207259 /* Assets.xcassets */; };
		448446B720BE676F00207259 /* LaunchScreen.storyboard in Resources */ = {isa = PBXBuildFile; fileRef = 448446B520BE676F00207259 /* LaunchScreen.storyboard */; };
		448446DE20BE6A2900207259 /* LoginVC.swift in Sources */ = {isa = PBXBuildFile; fileRef = 448446DD20BE6A2900207259 /* LoginVC.swift */; };
		448446EE20BE72BC00207259 /* OtherExtension.swift in Sources */ = {isa = PBXBuildFile; fileRef = 448446ED20BE72BC00207259 /* OtherExtension.swift */; };
		448446F020BE749A00207259 /* UIViewExtension.swift in Sources */ = {isa = PBXBuildFile; fileRef = 448446EF20BE749A00207259 /* UIViewExtension.swift */; };
		448446F220BE74A900207259 /* StringExtension.swift in Sources */ = {isa = PBXBuildFile; fileRef = 448446F120BE74A900207259 /* StringExtension.swift */; };
		448446F420BE74BE00207259 /* UIViewControllerExtension.swift in Sources */ = {isa = PBXBuildFile; fileRef = 448446F320BE74BE00207259 /* UIViewControllerExtension.swift */; };
		448446F620BE79B600207259 /* Constatns.swift in Sources */ = {isa = PBXBuildFile; fileRef = 448446F520BE79B600207259 /* Constatns.swift */; };
		448446F820BE7A8900207259 /* WebAPIConstant.swift in Sources */ = {isa = PBXBuildFile; fileRef = 448446F720BE7A8900207259 /* WebAPIConstant.swift */; };
		448C26A820C65C440046784B /* ResetPasswordVC.swift in Sources */ = {isa = PBXBuildFile; fileRef = 448C26A720C65C440046784B /* ResetPasswordVC.swift */; };
		44957DF320BE94A000128D2D /* WebServiceHelper.swift in Sources */ = {isa = PBXBuildFile; fileRef = 44957DF220BE94A000128D2D /* WebServiceHelper.swift */; };
		44957DF820BE9AD800128D2D /* Localize.swift in Sources */ = {isa = PBXBuildFile; fileRef = 44957DF720BE9AD800128D2D /* Localize.swift */; };
		44957DFA20BE9C3B00128D2D /* CommonFunctions.swift in Sources */ = {isa = PBXBuildFile; fileRef = 44957DF920BE9C3B00128D2D /* CommonFunctions.swift */; };
		44957DFE20BEB5F100128D2D /* CustomTextField.swift in Sources */ = {isa = PBXBuildFile; fileRef = 44957DFD20BEB5F100128D2D /* CustomTextField.swift */; };
		44957E0320BEC45300128D2D /* ShadowView.swift in Sources */ = {isa = PBXBuildFile; fileRef = 44957E0220BEC45300128D2D /* ShadowView.swift */; };
		449C17BE20CA825D00648F58 /* SettingsVC.swift in Sources */ = {isa = PBXBuildFile; fileRef = 449C17BD20CA825D00648F58 /* SettingsVC.swift */; };
		449C17C120CA857800648F58 /* SettingData.swift in Sources */ = {isa = PBXBuildFile; fileRef = 449C17C020CA857800648F58 /* SettingData.swift */; };
		44A2EB4820C13A07006BF797 /* AppdelegateExtension.swift in Sources */ = {isa = PBXBuildFile; fileRef = 44A2EB4620C13642006BF797 /* AppdelegateExtension.swift */; };
		44A72D8320C1695000C5972E /* User.swift in Sources */ = {isa = PBXBuildFile; fileRef = 44A72D8220C1695000C5972E /* User.swift */; };
		9E333C17C8DB979057366F37 /* Pods_oomph.framework in Frameworks */ = {isa = PBXBuildFile; fileRef = 25B9319BD0997A34C2984F50 /* Pods_oomph.framework */; };
		AB5DBD0120EA3E610027A0A8 /* TimeAgo.swift in Sources */ = {isa = PBXBuildFile; fileRef = AB5DBD0020EA3E610027A0A8 /* TimeAgo.swift */; };
		AB708D2520D37503003D3C46 /* PendingMeetings.swift in Sources */ = {isa = PBXBuildFile; fileRef = AB708D2420D37503003D3C46 /* PendingMeetings.swift */; };
		ABA5F6F120D1154E008D9F55 /* SimplePickerView.swift in Sources */ = {isa = PBXBuildFile; fileRef = ABA5F6F020D1154E008D9F55 /* SimplePickerView.swift */; };
		BA1BB4FB22A24DE1009FD48C /* LDGradientView.swift in Sources */ = {isa = PBXBuildFile; fileRef = BA1BB4FA22A24DE1009FD48C /* LDGradientView.swift */; };
		BA34652D226776F50088BAF8 /* SideMenuTableViewController.swift in Sources */ = {isa = PBXBuildFile; fileRef = BA34652C226776F50088BAF8 /* SideMenuTableViewController.swift */; };
		BA4D4C3422664F47006EAFC3 /* Home.storyboard in Resources */ = {isa = PBXBuildFile; fileRef = BA4D4C3322664F47006EAFC3 /* Home.storyboard */; };
		BA5034A72295BF680009AFF5 /* OrderDetailModel.swift in Sources */ = {isa = PBXBuildFile; fileRef = BA5034A32295BF670009AFF5 /* OrderDetailModel.swift */; };
		BA5034A82295BF680009AFF5 /* Histories.swift in Sources */ = {isa = PBXBuildFile; fileRef = BA5034A42295BF670009AFF5 /* Histories.swift */; };
		BA5034A92295BF680009AFF5 /* Totals.swift in Sources */ = {isa = PBXBuildFile; fileRef = BA5034A52295BF680009AFF5 /* Totals.swift */; };
		BA5034AA2295BF680009AFF5 /* Products.swift in Sources */ = {isa = PBXBuildFile; fileRef = BA5034A62295BF680009AFF5 /* Products.swift */; };
		BA54738322A193900077A73D /* Ubuntu-R.ttf in Resources */ = {isa = PBXBuildFile; fileRef = BA87799122A18F72000C8F33 /* Ubuntu-R.ttf */; };
		BA54738422A193950077A73D /* Ubuntu-I.ttf in Resources */ = {isa = PBXBuildFile; fileRef = BA87799222A18F72000C8F33 /* Ubuntu-I.ttf */; };
		BA54738522A193990077A73D /* Ubuntu-B.ttf in Resources */ = {isa = PBXBuildFile; fileRef = BA87799322A18F73000C8F33 /* Ubuntu-B.ttf */; };
		BA6A3F272260F38600F73B9F /* Gotham-BookItalic.otf in Resources */ = {isa = PBXBuildFile; fileRef = BA6A3F252260F38600F73B9F /* Gotham-BookItalic.otf */; };
		BA6A3F282260F38600F73B9F /* Gotham-Book.otf in Resources */ = {isa = PBXBuildFile; fileRef = BA6A3F262260F38600F73B9F /* Gotham-Book.otf */; };
		BA78941C2284AF3100B42F42 /* CustomeNavigationItem.swift in Sources */ = {isa = PBXBuildFile; fileRef = BA78941B2284AF3100B42F42 /* CustomeNavigationItem.swift */; };
		BA87799522A18F73000C8F33 /* CapricaScriptPersonalUse_1.ttf in Resources */ = {isa = PBXBuildFile; fileRef = BA87799022A18F72000C8F33 /* CapricaScriptPersonalUse_1.ttf */; };
		BA87799922A18F73000C8F33 /* arialbd.ttf in Resources */ = {isa = PBXBuildFile; fileRef = BA87799422A18F73000C8F33 /* arialbd.ttf */; };
		BA929C44226DD80300800E52 /* ProfileVC.swift in Sources */ = {isa = PBXBuildFile; fileRef = BA929C43226DD80300800E52 /* ProfileVC.swift */; };
		BABE4872228C9390002A7E8B /* BookingHistoryModel.swift in Sources */ = {isa = PBXBuildFile; fileRef = BABE4871228C9390002A7E8B /* BookingHistoryModel.swift */; };
		BAD0094A2264F0F200D863CF /* SignUPVC.swift in Sources */ = {isa = PBXBuildFile; fileRef = BAD009492264F0F200D863CF /* SignUPVC.swift */; };
		BAD1902C2270ADAC0042028F /* CoupounOfferModel.swift in Sources */ = {isa = PBXBuildFile; fileRef = BAD1902B2270ADAC0042028F /* CoupounOfferModel.swift */; };
		BADBA3AA226DF83B00C0F692 /* ProfileModal.swift in Sources */ = {isa = PBXBuildFile; fileRef = BADBA3A9226DF83B00C0F692 /* ProfileModal.swift */; };
		BAE7E46A2283433C0021EEDE /* OrderHistoryModel.swift in Sources */ = {isa = PBXBuildFile; fileRef = BAE7E4692283433C0021EEDE /* OrderHistoryModel.swift */; };
		BAE8816B2275CD3F006D7E89 /* CameraHandler.swift in Sources */ = {isa = PBXBuildFile; fileRef = BAE8816A2275CD3F006D7E89 /* CameraHandler.swift */; };
		BAED3246229325E100DC4892 /* BookingHistoryDetailModel.swift in Sources */ = {isa = PBXBuildFile; fileRef = BAED3245229325E000DC4892 /* BookingHistoryDetailModel.swift */; };
		BAED705822622348007BD59D /* Authentications.storyboard in Resources */ = {isa = PBXBuildFile; fileRef = BAED705722622348007BD59D /* Authentications.storyboard */; };
		BAF31DA32280B5140007C50E /* InformationCategoryModel.swift in Sources */ = {isa = PBXBuildFile; fileRef = BAF31DA22280B5140007C50E /* InformationCategoryModel.swift */; };
		BAF31DB42280CA600007C50E /* SavedArticleModel.swift in Sources */ = {isa = PBXBuildFile; fileRef = BAF31DB32280CA600007C50E /* SavedArticleModel.swift */; };
/* End PBXBuildFile section */

/* Begin PBXFileReference section */
		25B9319BD0997A34C2984F50 /* Pods_oomph.framework */ = {isa = PBXFileReference; explicitFileType = wrapper.framework; includeInIndex = 0; path = Pods_oomph.framework; sourceTree = BUILT_PRODUCTS_DIR; };
		4424A1FF20C54E1200C61B11 /* UITextFieldExtension.swift */ = {isa = PBXFileReference; lastKnownFileType = sourcecode.swift; path = UITextFieldExtension.swift; sourceTree = "<group>"; };
		4455CDC520CAA0E10080D52C /* hi */ = {isa = PBXFileReference; lastKnownFileType = text.plist.strings; name = hi; path = hi.lproj/Localizable.strings; sourceTree = "<group>"; };
		447EA9C920BFF62200B89A28 /* ForgotVC.swift */ = {isa = PBXFileReference; lastKnownFileType = sourcecode.swift; path = ForgotVC.swift; sourceTree = "<group>"; };
		447EA9CC20C01E6500B89A28 /* en */ = {isa = PBXFileReference; lastKnownFileType = text.plist.strings; name = en; path = en.lproj/Localizable.strings; sourceTree = "<group>"; };
		447EA9CE20C01E7A00B89A28 /* Base */ = {isa = PBXFileReference; lastKnownFileType = text.plist.strings; name = Base; path = Base.lproj/Localizable.strings; sourceTree = "<group>"; };
		448446A920BE676F00207259 /* oomph.app */ = {isa = PBXFileReference; explicitFileType = wrapper.application; includeInIndex = 0; path = oomph.app; sourceTree = BUILT_PRODUCTS_DIR; };
		448446AC20BE676F00207259 /* AppDelegate.swift */ = {isa = PBXFileReference; lastKnownFileType = sourcecode.swift; path = AppDelegate.swift; sourceTree = "<group>"; };
		448446B320BE676F00207259 /* Assets.xcassets */ = {isa = PBXFileReference; lastKnownFileType = folder.assetcatalog; path = Assets.xcassets; sourceTree = "<group>"; };
		448446B620BE676F00207259 /* Base */ = {isa = PBXFileReference; lastKnownFileType = file.storyboard; name = Base; path = Base.lproj/LaunchScreen.storyboard; sourceTree = "<group>"; };
		448446B820BE676F00207259 /* Info.plist */ = {isa = PBXFileReference; lastKnownFileType = text.plist.xml; path = Info.plist; sourceTree = "<group>"; };
		448446DD20BE6A2900207259 /* LoginVC.swift */ = {isa = PBXFileReference; lastKnownFileType = sourcecode.swift; path = LoginVC.swift; sourceTree = "<group>"; };
		448446ED20BE72BC00207259 /* OtherExtension.swift */ = {isa = PBXFileReference; fileEncoding = 4; lastKnownFileType = sourcecode.swift; path = OtherExtension.swift; sourceTree = "<group>"; };
		448446EF20BE749A00207259 /* UIViewExtension.swift */ = {isa = PBXFileReference; lastKnownFileType = sourcecode.swift; path = UIViewExtension.swift; sourceTree = "<group>"; };
		448446F120BE74A900207259 /* StringExtension.swift */ = {isa = PBXFileReference; lastKnownFileType = sourcecode.swift; path = StringExtension.swift; sourceTree = "<group>"; };
		448446F320BE74BE00207259 /* UIViewControllerExtension.swift */ = {isa = PBXFileReference; lastKnownFileType = sourcecode.swift; path = UIViewControllerExtension.swift; sourceTree = "<group>"; };
		448446F520BE79B600207259 /* Constatns.swift */ = {isa = PBXFileReference; fileEncoding = 4; lastKnownFileType = sourcecode.swift; path = Constatns.swift; sourceTree = "<group>"; };
		448446F720BE7A8900207259 /* WebAPIConstant.swift */ = {isa = PBXFileReference; lastKnownFileType = sourcecode.swift; path = WebAPIConstant.swift; sourceTree = "<group>"; };
		448C26A720C65C440046784B /* ResetPasswordVC.swift */ = {isa = PBXFileReference; lastKnownFileType = sourcecode.swift; path = ResetPasswordVC.swift; sourceTree = "<group>"; };
		44957DF220BE94A000128D2D /* WebServiceHelper.swift */ = {isa = PBXFileReference; fileEncoding = 4; lastKnownFileType = sourcecode.swift; path = WebServiceHelper.swift; sourceTree = "<group>"; };
		44957DF720BE9AD800128D2D /* Localize.swift */ = {isa = PBXFileReference; fileEncoding = 4; lastKnownFileType = sourcecode.swift; path = Localize.swift; sourceTree = "<group>"; };
		44957DF920BE9C3B00128D2D /* CommonFunctions.swift */ = {isa = PBXFileReference; lastKnownFileType = sourcecode.swift; path = CommonFunctions.swift; sourceTree = "<group>"; };
		44957DFD20BEB5F100128D2D /* CustomTextField.swift */ = {isa = PBXFileReference; lastKnownFileType = sourcecode.swift; path = CustomTextField.swift; sourceTree = "<group>"; };
		44957E0220BEC45300128D2D /* ShadowView.swift */ = {isa = PBXFileReference; lastKnownFileType = sourcecode.swift; path = ShadowView.swift; sourceTree = "<group>"; };
		449C17BD20CA825D00648F58 /* SettingsVC.swift */ = {isa = PBXFileReference; lastKnownFileType = sourcecode.swift; path = SettingsVC.swift; sourceTree = "<group>"; };
		449C17C020CA857800648F58 /* SettingData.swift */ = {isa = PBXFileReference; fileEncoding = 4; lastKnownFileType = sourcecode.swift; path = SettingData.swift; sourceTree = "<group>"; };
		44A2EB4620C13642006BF797 /* AppdelegateExtension.swift */ = {isa = PBXFileReference; lastKnownFileType = sourcecode.swift; path = AppdelegateExtension.swift; sourceTree = "<group>"; };
		44A72D8220C1695000C5972E /* User.swift */ = {isa = PBXFileReference; fileEncoding = 4; lastKnownFileType = sourcecode.swift; path = User.swift; sourceTree = "<group>"; };
		44CCB63620C904DE00AA2A25 /* oomph.entitlements */ = {isa = PBXFileReference; lastKnownFileType = text.plist.entitlements; path = oomph.entitlements; sourceTree = "<group>"; };
		AAA70F22D3E757D118F35B6A /* Pods-oomph.release.xcconfig */ = {isa = PBXFileReference; includeInIndex = 1; lastKnownFileType = text.xcconfig; name = "Pods-oomph.release.xcconfig"; path = "Target Support Files/Pods-oomph/Pods-oomph.release.xcconfig"; sourceTree = "<group>"; };
		AB5DBD0020EA3E610027A0A8 /* TimeAgo.swift */ = {isa = PBXFileReference; fileEncoding = 4; lastKnownFileType = sourcecode.swift; path = TimeAgo.swift; sourceTree = "<group>"; };
		AB708D2420D37503003D3C46 /* PendingMeetings.swift */ = {isa = PBXFileReference; fileEncoding = 4; lastKnownFileType = sourcecode.swift; path = PendingMeetings.swift; sourceTree = "<group>"; };
		ABA5F6F020D1154E008D9F55 /* SimplePickerView.swift */ = {isa = PBXFileReference; lastKnownFileType = sourcecode.swift; path = SimplePickerView.swift; sourceTree = "<group>"; };
		BA1BB4FA22A24DE1009FD48C /* LDGradientView.swift */ = {isa = PBXFileReference; fileEncoding = 4; lastKnownFileType = sourcecode.swift; path = LDGradientView.swift; sourceTree = "<group>"; };
		BA34652C226776F50088BAF8 /* SideMenuTableViewController.swift */ = {isa = PBXFileReference; fileEncoding = 4; lastKnownFileType = sourcecode.swift; path = SideMenuTableViewController.swift; sourceTree = "<group>"; };
		BA4D4C3322664F47006EAFC3 /* Home.storyboard */ = {isa = PBXFileReference; lastKnownFileType = file.storyboard; path = Home.storyboard; sourceTree = "<group>"; };
		BA5034A32295BF670009AFF5 /* OrderDetailModel.swift */ = {isa = PBXFileReference; fileEncoding = 4; lastKnownFileType = sourcecode.swift; path = OrderDetailModel.swift; sourceTree = "<group>"; };
		BA5034A42295BF670009AFF5 /* Histories.swift */ = {isa = PBXFileReference; fileEncoding = 4; lastKnownFileType = sourcecode.swift; path = Histories.swift; sourceTree = "<group>"; };
		BA5034A52295BF680009AFF5 /* Totals.swift */ = {isa = PBXFileReference; fileEncoding = 4; lastKnownFileType = sourcecode.swift; path = Totals.swift; sourceTree = "<group>"; };
		BA5034A62295BF680009AFF5 /* Products.swift */ = {isa = PBXFileReference; fileEncoding = 4; lastKnownFileType = sourcecode.swift; path = Products.swift; sourceTree = "<group>"; };
		BA6A3F252260F38600F73B9F /* Gotham-BookItalic.otf */ = {isa = PBXFileReference; lastKnownFileType = file; path = "Gotham-BookItalic.otf"; sourceTree = "<group>"; };
		BA6A3F262260F38600F73B9F /* Gotham-Book.otf */ = {isa = PBXFileReference; lastKnownFileType = file; path = "Gotham-Book.otf"; sourceTree = "<group>"; };
		BA78941B2284AF3100B42F42 /* CustomeNavigationItem.swift */ = {isa = PBXFileReference; lastKnownFileType = sourcecode.swift; path = CustomeNavigationItem.swift; sourceTree = "<group>"; };
		BA87799022A18F72000C8F33 /* CapricaScriptPersonalUse_1.ttf */ = {isa = PBXFileReference; lastKnownFileType = file; path = CapricaScriptPersonalUse_1.ttf; sourceTree = "<group>"; };
		BA87799122A18F72000C8F33 /* Ubuntu-R.ttf */ = {isa = PBXFileReference; lastKnownFileType = file; path = "Ubuntu-R.ttf"; sourceTree = "<group>"; };
		BA87799222A18F72000C8F33 /* Ubuntu-I.ttf */ = {isa = PBXFileReference; lastKnownFileType = file; path = "Ubuntu-I.ttf"; sourceTree = "<group>"; };
		BA87799322A18F73000C8F33 /* Ubuntu-B.ttf */ = {isa = PBXFileReference; lastKnownFileType = file; path = "Ubuntu-B.ttf"; sourceTree = "<group>"; };
		BA87799422A18F73000C8F33 /* arialbd.ttf */ = {isa = PBXFileReference; lastKnownFileType = file; path = arialbd.ttf; sourceTree = "<group>"; };
		BA929C43226DD80300800E52 /* ProfileVC.swift */ = {isa = PBXFileReference; lastKnownFileType = sourcecode.swift; path = ProfileVC.swift; sourceTree = "<group>"; };
		BABE4871228C9390002A7E8B /* BookingHistoryModel.swift */ = {isa = PBXFileReference; fileEncoding = 4; lastKnownFileType = sourcecode.swift; path = BookingHistoryModel.swift; sourceTree = "<group>"; };
		BAD009492264F0F200D863CF /* SignUPVC.swift */ = {isa = PBXFileReference; lastKnownFileType = sourcecode.swift; path = SignUPVC.swift; sourceTree = "<group>"; };
		BAD1902B2270ADAC0042028F /* CoupounOfferModel.swift */ = {isa = PBXFileReference; fileEncoding = 4; lastKnownFileType = sourcecode.swift; path = CoupounOfferModel.swift; sourceTree = "<group>"; };
		BADBA3A9226DF83B00C0F692 /* ProfileModal.swift */ = {isa = PBXFileReference; fileEncoding = 4; lastKnownFileType = sourcecode.swift; path = ProfileModal.swift; sourceTree = "<group>"; };
		BAE7E4692283433C0021EEDE /* OrderHistoryModel.swift */ = {isa = PBXFileReference; fileEncoding = 4; lastKnownFileType = sourcecode.swift; path = OrderHistoryModel.swift; sourceTree = "<group>"; };
		BAE8816A2275CD3F006D7E89 /* CameraHandler.swift */ = {isa = PBXFileReference; lastKnownFileType = sourcecode.swift; path = CameraHandler.swift; sourceTree = "<group>"; };
		BAED3245229325E000DC4892 /* BookingHistoryDetailModel.swift */ = {isa = PBXFileReference; fileEncoding = 4; lastKnownFileType = sourcecode.swift; path = BookingHistoryDetailModel.swift; sourceTree = "<group>"; };
		BAED705722622348007BD59D /* Authentications.storyboard */ = {isa = PBXFileReference; lastKnownFileType = file.storyboard; path = Authentications.storyboard; sourceTree = "<group>"; };
		BAF31DA22280B5140007C50E /* InformationCategoryModel.swift */ = {isa = PBXFileReference; fileEncoding = 4; lastKnownFileType = sourcecode.swift; path = InformationCategoryModel.swift; sourceTree = "<group>"; };
		BAF31DB32280CA600007C50E /* SavedArticleModel.swift */ = {isa = PBXFileReference; fileEncoding = 4; lastKnownFileType = sourcecode.swift; path = SavedArticleModel.swift; sourceTree = "<group>"; };
		F33AE12FD68E82EE63F66673 /* Pods-oomph.debug.xcconfig */ = {isa = PBXFileReference; includeInIndex = 1; lastKnownFileType = text.xcconfig; name = "Pods-oomph.debug.xcconfig"; path = "Target Support Files/Pods-oomph/Pods-oomph.debug.xcconfig"; sourceTree = "<group>"; };
/* End PBXFileReference section */

/* Begin PBXFrameworksBuildPhase section */
		448446A620BE676F00207259 /* Frameworks */ = {
			isa = PBXFrameworksBuildPhase;
			buildActionMask = 2147483647;
			files = (
				9E333C17C8DB979057366F37 /* Pods_oomph.framework in Frameworks */,
			);
			runOnlyForDeploymentPostprocessing = 0;
		};
/* End PBXFrameworksBuildPhase section */

/* Begin PBXGroup section */
		447EA9C720BFF58500B89A28 /* Login */ = {
			isa = PBXGroup;
			children = (
				448446DD20BE6A2900207259 /* LoginVC.swift */,
			);
			path = Login;
			sourceTree = "<group>";
		};
		447EA9C820BFF58D00B89A28 /* Forgot */ = {
			isa = PBXGroup;
			children = (
				447EA9C920BFF62200B89A28 /* ForgotVC.swift */,
			);
			path = Forgot;
			sourceTree = "<group>";
		};
		448446A020BE676F00207259 = {
			isa = PBXGroup;
			children = (
				448446AB20BE676F00207259 /* oomph */,
				448446AA20BE676F00207259 /* Products */,
				DC73618C2A069D4AB3159F96 /* Pods */,
				D2A572D0CDC23219E4380D1C /* Frameworks */,
			);
			sourceTree = "<group>";
		};
		448446AA20BE676F00207259 /* Products */ = {
			isa = PBXGroup;
			children = (
				448446A920BE676F00207259 /* oomph.app */,
			);
			name = Products;
			sourceTree = "<group>";
		};
		448446AB20BE676F00207259 /* oomph */ = {
			isa = PBXGroup;
			children = (
				44CCB63620C904DE00AA2A25 /* oomph.entitlements */,
				448446EA20BE715E00207259 /* Modules */,
				448446DF20BE6A6A00207259 /* Reusable */,
				448446E320BE6FB400207259 /* Utility */,
				448446E520BE703900207259 /* ThirdParty */,
				448446E420BE6FBB00207259 /* Resources */,
				448446B320BE676F00207259 /* Assets.xcassets */,
				448446AC20BE676F00207259 /* AppDelegate.swift */,
				448446B520BE676F00207259 /* LaunchScreen.storyboard */,
				448446B820BE676F00207259 /* Info.plist */,
			);
			path = oomph;
			sourceTree = "<group>";
		};
		448446DA20BE68D000207259 /* AuthenticationModule */ = {
			isa = PBXGroup;
			children = (
				448446E220BE6AB200207259 /* Model */,
				448446DC20BE68E400207259 /* ViewControllers */,
				448446DB20BE68DD00207259 /* Storyboard */,
			);
			path = AuthenticationModule;
			sourceTree = "<group>";
		};
		448446DB20BE68DD00207259 /* Storyboard */ = {
			isa = PBXGroup;
			children = (
				BAED705722622348007BD59D /* Authentications.storyboard */,
			);
			path = Storyboard;
			sourceTree = "<group>";
		};
		448446DC20BE68E400207259 /* ViewControllers */ = {
			isa = PBXGroup;
			children = (
				BAD009482264F0D100D863CF /* SignUp */,
				448C26A620C65C2B0046784B /* ResetPassword */,
				447EA9C820BFF58D00B89A28 /* Forgot */,
				447EA9C720BFF58500B89A28 /* Login */,
			);
			path = ViewControllers;
			sourceTree = "<group>";
		};
		448446DF20BE6A6A00207259 /* Reusable */ = {
			isa = PBXGroup;
			children = (
				ABFD0DAA20D778B000189E02 /* Model */,
				448446E020BE6A8800207259 /* TblCell */,
			);
			path = Reusable;
			sourceTree = "<group>";
		};
		448446E020BE6A8800207259 /* TblCell */ = {
			isa = PBXGroup;
			children = (
			);
			path = TblCell;
			sourceTree = "<group>";
		};
		448446E220BE6AB200207259 /* Model */ = {
			isa = PBXGroup;
			children = (
				449C17BF20CA857800648F58 /* settingData */,
				44A72D8120C1693800C5972E /* User */,
			);
			path = Model;
			sourceTree = "<group>";
		};
		448446E320BE6FB400207259 /* Utility */ = {
			isa = PBXGroup;
			children = (
				44957DFB20BEB57100128D2D /* Subclass */,
				448446E920BE712800207259 /* WebServiceHelper */,
				448446E820BE706C00207259 /* CommonFunctions */,
				448446E720BE706000207259 /* CommonExtention */,
				448446E620BE705900207259 /* Constants */,
			);
			path = Utility;
			sourceTree = "<group>";
		};
		448446E420BE6FBB00207259 /* Resources */ = {
			isa = PBXGroup;
			children = (
				BA6A3F202260F19A00F73B9F /* Font */,
				447EA9CD20C01E6500B89A28 /* Localizable.strings */,
			);
			path = Resources;
			sourceTree = "<group>";
		};
		448446E520BE703900207259 /* ThirdParty */ = {
			isa = PBXGroup;
			children = (
				AB5DBCFF20EA3E610027A0A8 /* TimeAgo */,
				44957DF620BE9AD800128D2D /* Localization */,
			);
			path = ThirdParty;
			sourceTree = "<group>";
		};
		448446E620BE705900207259 /* Constants */ = {
			isa = PBXGroup;
			children = (
				448446F520BE79B600207259 /* Constatns.swift */,
				448446F720BE7A8900207259 /* WebAPIConstant.swift */,
			);
			path = Constants;
			sourceTree = "<group>";
		};
		448446E720BE706000207259 /* CommonExtention */ = {
			isa = PBXGroup;
			children = (
				448446ED20BE72BC00207259 /* OtherExtension.swift */,
				448446EF20BE749A00207259 /* UIViewExtension.swift */,
				448446F120BE74A900207259 /* StringExtension.swift */,
				448446F320BE74BE00207259 /* UIViewControllerExtension.swift */,
				44A2EB4620C13642006BF797 /* AppdelegateExtension.swift */,
				4424A1FF20C54E1200C61B11 /* UITextFieldExtension.swift */,
			);
			path = CommonExtention;
			sourceTree = "<group>";
		};
		448446E820BE706C00207259 /* CommonFunctions */ = {
			isa = PBXGroup;
			children = (
				44957DF920BE9C3B00128D2D /* CommonFunctions.swift */,
				BAE8816A2275CD3F006D7E89 /* CameraHandler.swift */,
			);
			path = CommonFunctions;
			sourceTree = "<group>";
		};
		448446E920BE712800207259 /* WebServiceHelper */ = {
			isa = PBXGroup;
			children = (
				44957DF220BE94A000128D2D /* WebServiceHelper.swift */,
			);
			path = WebServiceHelper;
			sourceTree = "<group>";
		};
		448446EA20BE715E00207259 /* Modules */ = {
			isa = PBXGroup;
			children = (
				BA4D4C2F22664ECF006EAFC3 /* HomeModule */,
				448446DA20BE68D000207259 /* AuthenticationModule */,
			);
			path = Modules;
			sourceTree = "<group>";
		};
		448C26A620C65C2B0046784B /* ResetPassword */ = {
			isa = PBXGroup;
			children = (
				448C26A720C65C440046784B /* ResetPasswordVC.swift */,
			);
			path = ResetPassword;
			sourceTree = "<group>";
		};
		44957DF620BE9AD800128D2D /* Localization */ = {
			isa = PBXGroup;
			children = (
				44957DF720BE9AD800128D2D /* Localize.swift */,
			);
			path = Localization;
			sourceTree = "<group>";
		};
		44957DFB20BEB57100128D2D /* Subclass */ = {
			isa = PBXGroup;
			children = (
				BA78941A2284AECC00B42F42 /* UINavigationItem */,
				ABA5F6EF20D1152D008D9F55 /* UiPickerView */,
				44957E0120BEC44300128D2D /* UIView */,
				44957DFF20BEC40700128D2D /* UIButton */,
				44957DFC20BEB57A00128D2D /* UITextField */,
			);
			path = Subclass;
			sourceTree = "<group>";
		};
		44957DFC20BEB57A00128D2D /* UITextField */ = {
			isa = PBXGroup;
			children = (
				44957DFD20BEB5F100128D2D /* CustomTextField.swift */,
			);
			path = UITextField;
			sourceTree = "<group>";
		};
		44957DFF20BEC40700128D2D /* UIButton */ = {
			isa = PBXGroup;
			children = (
			);
			path = UIButton;
			sourceTree = "<group>";
		};
		44957E0120BEC44300128D2D /* UIView */ = {
			isa = PBXGroup;
			children = (
				44957E0220BEC45300128D2D /* ShadowView.swift */,
				BA1BB4FA22A24DE1009FD48C /* LDGradientView.swift */,
			);
			path = UIView;
			sourceTree = "<group>";
		};
		449C17BC20CA824A00648F58 /* Settings */ = {
			isa = PBXGroup;
			children = (
				449C17BD20CA825D00648F58 /* SettingsVC.swift */,
			);
			path = Settings;
			sourceTree = "<group>";
		};
		449C17BF20CA857800648F58 /* settingData */ = {
			isa = PBXGroup;
			children = (
				449C17C020CA857800648F58 /* SettingData.swift */,
			);
			path = settingData;
			sourceTree = "<group>";
		};
		44A72D8120C1693800C5972E /* User */ = {
			isa = PBXGroup;
			children = (
				44A72D8220C1695000C5972E /* User.swift */,
			);
			path = User;
			sourceTree = "<group>";
		};
		AB5DBCFF20EA3E610027A0A8 /* TimeAgo */ = {
			isa = PBXGroup;
			children = (
				AB5DBD0020EA3E610027A0A8 /* TimeAgo.swift */,
			);
			path = TimeAgo;
			sourceTree = "<group>";
		};
		ABA5F6EF20D1152D008D9F55 /* UiPickerView */ = {
			isa = PBXGroup;
			children = (
				ABA5F6F020D1154E008D9F55 /* SimplePickerView.swift */,
			);
			path = UiPickerView;
			sourceTree = "<group>";
		};
		ABFD0DAA20D778B000189E02 /* Model */ = {
			isa = PBXGroup;
			children = (
				ABFD0DAB20D778C700189E02 /* MeetingList */,
			);
			path = Model;
			sourceTree = "<group>";
		};
		ABFD0DAB20D778C700189E02 /* MeetingList */ = {
			isa = PBXGroup;
			children = (
				AB708D2420D37503003D3C46 /* PendingMeetings.swift */,
			);
			path = MeetingList;
			sourceTree = "<group>";
		};
		BA34652B226776AC0088BAF8 /* DrawerMenu */ = {
			isa = PBXGroup;
			children = (
				BA34652C226776F50088BAF8 /* SideMenuTableViewController.swift */,
			);
			path = DrawerMenu;
			sourceTree = "<group>";
		};
		BA4D4C2F22664ECF006EAFC3 /* HomeModule */ = {
			isa = PBXGroup;
			children = (
				BA4D4C3222664F1D006EAFC3 /* Models */,
				BA4D4C3122664F16006EAFC3 /* ViewControllers */,
				BA4D4C3022664F0E006EAFC3 /* Storyboard */,
			);
			path = HomeModule;
			sourceTree = "<group>";
		};
		BA4D4C3022664F0E006EAFC3 /* Storyboard */ = {
			isa = PBXGroup;
			children = (
				BA4D4C3322664F47006EAFC3 /* Home.storyboard */,
			);
			path = Storyboard;
			sourceTree = "<group>";
		};
		BA4D4C3122664F16006EAFC3 /* ViewControllers */ = {
			isa = PBXGroup;
			children = (
				BA929C42226DD7E500800E52 /* Profile */,
				449C17BC20CA824A00648F58 /* Settings */,
				BA34652B226776AC0088BAF8 /* DrawerMenu */,
			);
			path = ViewControllers;
			sourceTree = "<group>";
		};
		BA4D4C3222664F1D006EAFC3 /* Models */ = {
			isa = PBXGroup;
			children = (
				BABE4869228C8C4B002A7E8B /* BookingModels */,
				BAE0010E22820FEB00C95B78 /* OrderModels */,
				BAF31DB22280CA220007C50E /* SavedArticleModel */,
				BAF31DA12280B4F20007C50E /* InformationModel */,
				BAD1902A2270AD8C0042028F /* CoupounOffer */,
				BADBA3A9226DF83B00C0F692 /* ProfileModal.swift */,
			);
			path = Models;
			sourceTree = "<group>";
		};
		BA5034A22295BF420009AFF5 /* OrderDetailModel */ = {
			isa = PBXGroup;
			children = (
				BA5034A42295BF670009AFF5 /* Histories.swift */,
				BA5034A32295BF670009AFF5 /* OrderDetailModel.swift */,
				BA5034A62295BF680009AFF5 /* Products.swift */,
				BA5034A52295BF680009AFF5 /* Totals.swift */,
			);
			path = OrderDetailModel;
			sourceTree = "<group>";
		};
		BA6A3F202260F19A00F73B9F /* Font */ = {
			isa = PBXGroup;
			children = (
				BA87799422A18F73000C8F33 /* arialbd.ttf */,
				BA87799022A18F72000C8F33 /* CapricaScriptPersonalUse_1.ttf */,
				BA87799322A18F73000C8F33 /* Ubuntu-B.ttf */,
				BA87799222A18F72000C8F33 /* Ubuntu-I.ttf */,
				BA87799122A18F72000C8F33 /* Ubuntu-R.ttf */,
				BA6A3F262260F38600F73B9F /* Gotham-Book.otf */,
				BA6A3F252260F38600F73B9F /* Gotham-BookItalic.otf */,
			);
			path = Font;
			sourceTree = "<group>";
		};
		BA78941A2284AECC00B42F42 /* UINavigationItem */ = {
			isa = PBXGroup;
			children = (
				BA78941B2284AF3100B42F42 /* CustomeNavigationItem.swift */,
			);
			path = UINavigationItem;
			sourceTree = "<group>";
		};
		BA929C42226DD7E500800E52 /* Profile */ = {
			isa = PBXGroup;
			children = (
				BA929C43226DD80300800E52 /* ProfileVC.swift */,
			);
			path = Profile;
			sourceTree = "<group>";
		};
		BABE4869228C8C4B002A7E8B /* BookingModels */ = {
			isa = PBXGroup;
			children = (
				BAED3245229325E000DC4892 /* BookingHistoryDetailModel.swift */,
				BABE4871228C9390002A7E8B /* BookingHistoryModel.swift */,
			);
			path = BookingModels;
			sourceTree = "<group>";
		};
		BAD009482264F0D100D863CF /* SignUp */ = {
			isa = PBXGroup;
			children = (
				BAD009492264F0F200D863CF /* SignUPVC.swift */,
			);
			path = SignUp;
			sourceTree = "<group>";
		};
		BAD1902A2270AD8C0042028F /* CoupounOffer */ = {
			isa = PBXGroup;
			children = (
				BAD1902B2270ADAC0042028F /* CoupounOfferModel.swift */,
			);
			path = CoupounOffer;
			sourceTree = "<group>";
		};
		BAE0010E22820FEB00C95B78 /* OrderModels */ = {
			isa = PBXGroup;
			children = (
				BA5034A22295BF420009AFF5 /* OrderDetailModel */,
				BAE7E4692283433C0021EEDE /* OrderHistoryModel.swift */,
			);
			path = OrderModels;
			sourceTree = "<group>";
		};
		BAF31DA12280B4F20007C50E /* InformationModel */ = {
			isa = PBXGroup;
			children = (
				BAF31DA22280B5140007C50E /* InformationCategoryModel.swift */,
			);
			path = InformationModel;
			sourceTree = "<group>";
		};
		BAF31DB22280CA220007C50E /* SavedArticleModel */ = {
			isa = PBXGroup;
			children = (
				BAF31DB32280CA600007C50E /* SavedArticleModel.swift */,
			);
			path = SavedArticleModel;
			sourceTree = "<group>";
		};
		D2A572D0CDC23219E4380D1C /* Frameworks */ = {
			isa = PBXGroup;
			children = (
				25B9319BD0997A34C2984F50 /* Pods_oomph.framework */,
			);
			name = Frameworks;
			sourceTree = "<group>";
		};
		DC73618C2A069D4AB3159F96 /* Pods */ = {
			isa = PBXGroup;
			children = (
				F33AE12FD68E82EE63F66673 /* Pods-oomph.debug.xcconfig */,
				AAA70F22D3E757D118F35B6A /* Pods-oomph.release.xcconfig */,
			);
			path = Pods;
			sourceTree = "<group>";
		};
/* End PBXGroup section */

/* Begin PBXNativeTarget section */
		448446A820BE676F00207259 /* oomph */ = {
			isa = PBXNativeTarget;
			buildConfigurationList = 448446D120BE676F00207259 /* Build configuration list for PBXNativeTarget "oomph" */;
			buildPhases = (
				48893281545965362BC55DE7 /* [CP] Check Pods Manifest.lock */,
				448446A520BE676F00207259 /* Sources */,
				448446A620BE676F00207259 /* Frameworks */,
				448446A720BE676F00207259 /* Resources */,
				A9ADE588493C3DDE06A815EC /* [CP] Embed Pods Frameworks */,
			);
			buildRules = (
			);
			dependencies = (
			);
			name = oomph;
			productName = "VMS Employee";
			productReference = 448446A920BE676F00207259 /* oomph.app */;
			productType = "com.apple.product-type.application";
		};
/* End PBXNativeTarget section */

/* Begin PBXProject section */
		448446A120BE676F00207259 /* Project object */ = {
			isa = PBXProject;
			attributes = {
				LastSwiftUpdateCheck = 0920;
				LastUpgradeCheck = 1010;
				ORGANIZATIONNAME = Ecosmob;
				TargetAttributes = {
					448446A820BE676F00207259 = {
						CreatedOnToolsVersion = 9.2;
						ProvisioningStyle = Automatic;
						SystemCapabilities = {
							com.apple.BackgroundModes = {
								enabled = 0;
							};
							com.apple.Push = {
								enabled = 0;
							};
						};
					};
				};
			};
			buildConfigurationList = 448446A420BE676F00207259 /* Build configuration list for PBXProject "oomph" */;
			compatibilityVersion = "Xcode 8.0";
			developmentRegion = en;
			hasScannedForEncodings = 0;
			knownRegions = (
				en,
				Base,
				hi,
			);
			mainGroup = 448446A020BE676F00207259;
			productRefGroup = 448446AA20BE676F00207259 /* Products */;
			projectDirPath = "";
			projectRoot = "";
			targets = (
				448446A820BE676F00207259 /* oomph */,
			);
		};
/* End PBXProject section */

/* Begin PBXResourcesBuildPhase section */
		448446A720BE676F00207259 /* Resources */ = {
			isa = PBXResourcesBuildPhase;
			buildActionMask = 2147483647;
			files = (
				448446B720BE676F00207259 /* LaunchScreen.storyboard in Resources */,
				BA87799922A18F73000C8F33 /* arialbd.ttf in Resources */,
				BA4D4C3422664F47006EAFC3 /* Home.storyboard in Resources */,
				BA6A3F272260F38600F73B9F /* Gotham-BookItalic.otf in Resources */,
				BA87799522A18F73000C8F33 /* CapricaScriptPersonalUse_1.ttf in Resources */,
				BA54738322A193900077A73D /* Ubuntu-R.ttf in Resources */,
				BA54738522A193990077A73D /* Ubuntu-B.ttf in Resources */,
				447EA9CB20C01E6500B89A28 /* Localizable.strings in Resources */,
				448446B420BE676F00207259 /* Assets.xcassets in Resources */,
				BAED705822622348007BD59D /* Authentications.storyboard in Resources */,
				BA54738422A193950077A73D /* Ubuntu-I.ttf in Resources */,
				BA6A3F282260F38600F73B9F /* Gotham-Book.otf in Resources */,
			);
			runOnlyForDeploymentPostprocessing = 0;
		};
/* End PBXResourcesBuildPhase section */

/* Begin PBXShellScriptBuildPhase section */
		48893281545965362BC55DE7 /* [CP] Check Pods Manifest.lock */ = {
			isa = PBXShellScriptBuildPhase;
			buildActionMask = 2147483647;
			files = (
			);
			inputFileListPaths = (
			);
			inputPaths = (
				"${PODS_PODFILE_DIR_PATH}/Podfile.lock",
				"${PODS_ROOT}/Manifest.lock",
			);
			name = "[CP] Check Pods Manifest.lock";
			outputFileListPaths = (
			);
			outputPaths = (
				"$(DERIVED_FILE_DIR)/Pods-oomph-checkManifestLockResult.txt",
			);
			runOnlyForDeploymentPostprocessing = 0;
			shellPath = /bin/sh;
			shellScript = "diff \"${PODS_PODFILE_DIR_PATH}/Podfile.lock\" \"${PODS_ROOT}/Manifest.lock\" > /dev/null\nif [ $? != 0 ] ; then\n    # print error to STDERR\n    echo \"error: The sandbox is not in sync with the Podfile.lock. Run 'pod install' or update your CocoaPods installation.\" >&2\n    exit 1\nfi\n# This output is used by Xcode 'outputs' to avoid re-running this script phase.\necho \"SUCCESS\" > \"${SCRIPT_OUTPUT_FILE_0}\"\n";
			showEnvVarsInLog = 0;
		};
		A9ADE588493C3DDE06A815EC /* [CP] Embed Pods Frameworks */ = {
			isa = PBXShellScriptBuildPhase;
			buildActionMask = 2147483647;
			files = (
			);
			inputFileListPaths = (
			);
			inputPaths = (
				"${PODS_ROOT}/Target Support Files/Pods-oomph/Pods-oomph-frameworks.sh",
				"${BUILT_PRODUCTS_DIR}/Alamofire/Alamofire.framework",
				"${BUILT_PRODUCTS_DIR}/IQKeyboardManagerSwift/IQKeyboardManagerSwift.framework",
				"${BUILT_PRODUCTS_DIR}/KMPlaceholderTextView/KMPlaceholderTextView.framework",
				"${BUILT_PRODUCTS_DIR}/Kingfisher/Kingfisher.framework",
				"${BUILT_PRODUCTS_DIR}/MBProgressHUD/MBProgressHUD.framework",
				"${BUILT_PRODUCTS_DIR}/SideMenu/SideMenu.framework",
				"${BUILT_PRODUCTS_DIR}/SwiftyJSON/SwiftyJSON.framework",
			);
			name = "[CP] Embed Pods Frameworks";
			outputFileListPaths = (
			);
			outputPaths = (
				"${TARGET_BUILD_DIR}/${FRAMEWORKS_FOLDER_PATH}/Alamofire.framework",
				"${TARGET_BUILD_DIR}/${FRAMEWORKS_FOLDER_PATH}/IQKeyboardManagerSwift.framework",
				"${TARGET_BUILD_DIR}/${FRAMEWORKS_FOLDER_PATH}/KMPlaceholderTextView.framework",
				"${TARGET_BUILD_DIR}/${FRAMEWORKS_FOLDER_PATH}/Kingfisher.framework",
				"${TARGET_BUILD_DIR}/${FRAMEWORKS_FOLDER_PATH}/MBProgressHUD.framework",
				"${TARGET_BUILD_DIR}/${FRAMEWORKS_FOLDER_PATH}/SideMenu.framework",
				"${TARGET_BUILD_DIR}/${FRAMEWORKS_FOLDER_PATH}/SwiftyJSON.framework",
			);
			runOnlyForDeploymentPostprocessing = 0;
			shellPath = /bin/sh;
			shellScript = "\"${PODS_ROOT}/Target Support Files/Pods-oomph/Pods-oomph-frameworks.sh\"\n";
			showEnvVarsInLog = 0;
		};
/* End PBXShellScriptBuildPhase section */

/* Begin PBXSourcesBuildPhase section */
		448446A520BE676F00207259 /* Sources */ = {
			isa = PBXSourcesBuildPhase;
			buildActionMask = 2147483647;
			files = (
				448446DE20BE6A2900207259 /* LoginVC.swift in Sources */,
				447EA9CA20BFF62200B89A28 /* ForgotVC.swift in Sources */,
				44957DF320BE94A000128D2D /* WebServiceHelper.swift in Sources */,
				BA5034AA2295BF680009AFF5 /* Products.swift in Sources */,
				BAE8816B2275CD3F006D7E89 /* CameraHandler.swift in Sources */,
				BA5034A82295BF680009AFF5 /* Histories.swift in Sources */,
				449C17C120CA857800648F58 /* SettingData.swift in Sources */,
				BAD0094A2264F0F200D863CF /* SignUPVC.swift in Sources */,
				BA1BB4FB22A24DE1009FD48C /* LDGradientView.swift in Sources */,
				BAF31DB42280CA600007C50E /* SavedArticleModel.swift in Sources */,
				BAE7E46A2283433C0021EEDE /* OrderHistoryModel.swift in Sources */,
				BAED3246229325E100DC4892 /* BookingHistoryDetailModel.swift in Sources */,
				44957DF820BE9AD800128D2D /* Localize.swift in Sources */,
				AB708D2520D37503003D3C46 /* PendingMeetings.swift in Sources */,
				448446F820BE7A8900207259 /* WebAPIConstant.swift in Sources */,
				448446EE20BE72BC00207259 /* OtherExtension.swift in Sources */,
				BA34652D226776F50088BAF8 /* SideMenuTableViewController.swift in Sources */,
				BA5034A92295BF680009AFF5 /* Totals.swift in Sources */,
				44A72D8320C1695000C5972E /* User.swift in Sources */,
				448446F420BE74BE00207259 /* UIViewControllerExtension.swift in Sources */,
				448446F220BE74A900207259 /* StringExtension.swift in Sources */,
				BA78941C2284AF3100B42F42 /* CustomeNavigationItem.swift in Sources */,
				449C17BE20CA825D00648F58 /* SettingsVC.swift in Sources */,
				BA5034A72295BF680009AFF5 /* OrderDetailModel.swift in Sources */,
				BAF31DA32280B5140007C50E /* InformationCategoryModel.swift in Sources */,
				448C26A820C65C440046784B /* ResetPasswordVC.swift in Sources */,
				BA929C44226DD80300800E52 /* ProfileVC.swift in Sources */,
				448446F020BE749A00207259 /* UIViewExtension.swift in Sources */,
				ABA5F6F120D1154E008D9F55 /* SimplePickerView.swift in Sources */,
				BABE4872228C9390002A7E8B /* BookingHistoryModel.swift in Sources */,
				AB5DBD0120EA3E610027A0A8 /* TimeAgo.swift in Sources */,
				4424A20020C54E1200C61B11 /* UITextFieldExtension.swift in Sources */,
				44957DFE20BEB5F100128D2D /* CustomTextField.swift in Sources */,
				BADBA3AA226DF83B00C0F692 /* ProfileModal.swift in Sources */,
				448446AD20BE676F00207259 /* AppDelegate.swift in Sources */,
				44957E0320BEC45300128D2D /* ShadowView.swift in Sources */,
				44957DFA20BE9C3B00128D2D /* CommonFunctions.swift in Sources */,
				44A2EB4820C13A07006BF797 /* AppdelegateExtension.swift in Sources */,
				BAD1902C2270ADAC0042028F /* CoupounOfferModel.swift in Sources */,
				448446F620BE79B600207259 /* Constatns.swift in Sources */,
			);
			runOnlyForDeploymentPostprocessing = 0;
		};
/* End PBXSourcesBuildPhase section */

/* Begin PBXVariantGroup section */
		447EA9CD20C01E6500B89A28 /* Localizable.strings */ = {
			isa = PBXVariantGroup;
			children = (
				447EA9CC20C01E6500B89A28 /* en */,
				447EA9CE20C01E7A00B89A28 /* Base */,
				4455CDC520CAA0E10080D52C /* hi */,
			);
			name = Localizable.strings;
			sourceTree = "<group>";
		};
		448446B520BE676F00207259 /* LaunchScreen.storyboard */ = {
			isa = PBXVariantGroup;
			children = (
				448446B620BE676F00207259 /* Base */,
			);
			name = LaunchScreen.storyboard;
			sourceTree = "<group>";
		};
/* End PBXVariantGroup section */

/* Begin XCBuildConfiguration section */
		448446CF20BE676F00207259 /* Debug */ = {
			isa = XCBuildConfiguration;
			buildSettings = {
				ALWAYS_SEARCH_USER_PATHS = NO;
				CLANG_ANALYZER_LOCALIZABILITY_NONLOCALIZED = YES;
				CLANG_ANALYZER_NONNULL = YES;
				CLANG_ANALYZER_NUMBER_OBJECT_CONVERSION = YES_AGGRESSIVE;
				CLANG_CXX_LANGUAGE_STANDARD = "gnu++14";
				CLANG_CXX_LIBRARY = "libc++";
				CLANG_ENABLE_MODULES = YES;
				CLANG_ENABLE_OBJC_ARC = YES;
				CLANG_WARN_BLOCK_CAPTURE_AUTORELEASING = YES;
				CLANG_WARN_BOOL_CONVERSION = YES;
				CLANG_WARN_COMMA = YES;
				CLANG_WARN_CONSTANT_CONVERSION = YES;
				CLANG_WARN_DEPRECATED_OBJC_IMPLEMENTATIONS = YES;
				CLANG_WARN_DIRECT_OBJC_ISA_USAGE = YES_ERROR;
				CLANG_WARN_DOCUMENTATION_COMMENTS = YES;
				CLANG_WARN_EMPTY_BODY = YES;
				CLANG_WARN_ENUM_CONVERSION = YES;
				CLANG_WARN_INFINITE_RECURSION = YES;
				CLANG_WARN_INT_CONVERSION = YES;
				CLANG_WARN_NON_LITERAL_NULL_CONVERSION = YES;
				CLANG_WARN_OBJC_IMPLICIT_RETAIN_SELF = YES;
				CLANG_WARN_OBJC_LITERAL_CONVERSION = YES;
				CLANG_WARN_OBJC_ROOT_CLASS = YES_ERROR;
				CLANG_WARN_RANGE_LOOP_ANALYSIS = YES;
				CLANG_WARN_STRICT_PROTOTYPES = YES;
				CLANG_WARN_SUSPICIOUS_MOVE = YES;
				CLANG_WARN_UNGUARDED_AVAILABILITY = YES_AGGRESSIVE;
				CLANG_WARN_UNREACHABLE_CODE = YES;
				CLANG_WARN__DUPLICATE_METHOD_MATCH = YES;
				CODE_SIGN_IDENTITY = "iPhone Developer";
				COPY_PHASE_STRIP = NO;
				DEBUG_INFORMATION_FORMAT = dwarf;
				ENABLE_STRICT_OBJC_MSGSEND = YES;
				ENABLE_TESTABILITY = YES;
				GCC_C_LANGUAGE_STANDARD = gnu11;
				GCC_DYNAMIC_NO_PIC = NO;
				GCC_NO_COMMON_BLOCKS = YES;
				GCC_OPTIMIZATION_LEVEL = 0;
				GCC_PREPROCESSOR_DEFINITIONS = (
					"DEBUG=1",
					"$(inherited)",
				);
				GCC_WARN_64_TO_32_BIT_CONVERSION = YES;
				GCC_WARN_ABOUT_RETURN_TYPE = YES_ERROR;
				GCC_WARN_UNDECLARED_SELECTOR = YES;
				GCC_WARN_UNINITIALIZED_AUTOS = YES_AGGRESSIVE;
				GCC_WARN_UNUSED_FUNCTION = YES;
				GCC_WARN_UNUSED_VARIABLE = YES;
				IPHONEOS_DEPLOYMENT_TARGET = 11.0;
				MTL_ENABLE_DEBUG_INFO = YES;
				ONLY_ACTIVE_ARCH = YES;
				SDKROOT = iphoneos;
				SWIFT_ACTIVE_COMPILATION_CONDITIONS = DEBUG;
				SWIFT_OPTIMIZATION_LEVEL = "-Onone";
			};
			name = Debug;
		};
		448446D020BE676F00207259 /* Release */ = {
			isa = XCBuildConfiguration;
			buildSettings = {
				ALWAYS_SEARCH_USER_PATHS = NO;
				CLANG_ANALYZER_LOCALIZABILITY_NONLOCALIZED = YES;
				CLANG_ANALYZER_NONNULL = YES;
				CLANG_ANALYZER_NUMBER_OBJECT_CONVERSION = YES_AGGRESSIVE;
				CLANG_CXX_LANGUAGE_STANDARD = "gnu++14";
				CLANG_CXX_LIBRARY = "libc++";
				CLANG_ENABLE_MODULES = YES;
				CLANG_ENABLE_OBJC_ARC = YES;
				CLANG_WARN_BLOCK_CAPTURE_AUTORELEASING = YES;
				CLANG_WARN_BOOL_CONVERSION = YES;
				CLANG_WARN_COMMA = YES;
				CLANG_WARN_CONSTANT_CONVERSION = YES;
				CLANG_WARN_DEPRECATED_OBJC_IMPLEMENTATIONS = YES;
				CLANG_WARN_DIRECT_OBJC_ISA_USAGE = YES_ERROR;
				CLANG_WARN_DOCUMENTATION_COMMENTS = YES;
				CLANG_WARN_EMPTY_BODY = YES;
				CLANG_WARN_ENUM_CONVERSION = YES;
				CLANG_WARN_INFINITE_RECURSION = YES;
				CLANG_WARN_INT_CONVERSION = YES;
				CLANG_WARN_NON_LITERAL_NULL_CONVERSION = YES;
				CLANG_WARN_OBJC_IMPLICIT_RETAIN_SELF = YES;
				CLANG_WARN_OBJC_LITERAL_CONVERSION = YES;
				CLANG_WARN_OBJC_ROOT_CLASS = YES_ERROR;
				CLANG_WARN_RANGE_LOOP_ANALYSIS = YES;
				CLANG_WARN_STRICT_PROTOTYPES = YES;
				CLANG_WARN_SUSPICIOUS_MOVE = YES;
				CLANG_WARN_UNGUARDED_AVAILABILITY = YES_AGGRESSIVE;
				CLANG_WARN_UNREACHABLE_CODE = YES;
				CLANG_WARN__DUPLICATE_METHOD_MATCH = YES;
				CODE_SIGN_IDENTITY = "iPhone Developer";
				COPY_PHASE_STRIP = NO;
				DEBUG_INFORMATION_FORMAT = "dwarf-with-dsym";
				ENABLE_NS_ASSERTIONS = NO;
				ENABLE_STRICT_OBJC_MSGSEND = YES;
				GCC_C_LANGUAGE_STANDARD = gnu11;
				GCC_NO_COMMON_BLOCKS = YES;
				GCC_WARN_64_TO_32_BIT_CONVERSION = YES;
				GCC_WARN_ABOUT_RETURN_TYPE = YES_ERROR;
				GCC_WARN_UNDECLARED_SELECTOR = YES;
				GCC_WARN_UNINITIALIZED_AUTOS = YES_AGGRESSIVE;
				GCC_WARN_UNUSED_FUNCTION = YES;
				GCC_WARN_UNUSED_VARIABLE = YES;
				IPHONEOS_DEPLOYMENT_TARGET = 11.0;
				MTL_ENABLE_DEBUG_INFO = NO;
				SDKROOT = iphoneos;
				SWIFT_OPTIMIZATION_LEVEL = "-Owholemodule";
				VALIDATE_PRODUCT = YES;
			};
			name = Release;
		};
		448446D220BE676F00207259 /* Debug */ = {
			isa = XCBuildConfiguration;
			baseConfigurationReference = F33AE12FD68E82EE63F66673 /* Pods-oomph.debug.xcconfig */;
			buildSettings = {
				ASSETCATALOG_COMPILER_APPICON_NAME = AppIcon;
				CODE_SIGN_IDENTITY = "iPhone Developer";
				"CODE_SIGN_IDENTITY[sdk=iphoneos*]" = "iPhone Developer";
				CODE_SIGN_STYLE = Automatic;
				DEVELOPMENT_TEAM = 8VTE5ED972;
				FRAMEWORK_SEARCH_PATHS = (
					"$(inherited)",
					"$(PROJECT_DIR)",
				);
				INFOPLIST_FILE = oomph/Info.plist;
				IPHONEOS_DEPLOYMENT_TARGET = 11.0;
				LD_RUNPATH_SEARCH_PATHS = "$(inherited) @executable_path/Frameworks";
				PRODUCT_BUNDLE_IDENTIFIER = com.appuno.oomph;
				PRODUCT_NAME = "$(TARGET_NAME)";
				PROVISIONING_PROFILE_SPECIFIER = "";
				SWIFT_VERSION = 4.2;
				TARGETED_DEVICE_FAMILY = "1,2";
			};
			name = Debug;
		};
		448446D320BE676F00207259 /* Release */ = {
			isa = XCBuildConfiguration;
			baseConfigurationReference = AAA70F22D3E757D118F35B6A /* Pods-oomph.release.xcconfig */;
			buildSettings = {
				ASSETCATALOG_COMPILER_APPICON_NAME = AppIcon;
				CODE_SIGN_IDENTITY = "iPhone Developer";
				"CODE_SIGN_IDENTITY[sdk=iphoneos*]" = "iPhone Developer";
				CODE_SIGN_STYLE = Automatic;
				DEVELOPMENT_TEAM = 8VTE5ED972;
				FRAMEWORK_SEARCH_PATHS = (
					"$(inherited)",
					"$(PROJECT_DIR)",
				);
				INFOPLIST_FILE = oomph/Info.plist;
				IPHONEOS_DEPLOYMENT_TARGET = 11.0;
				LD_RUNPATH_SEARCH_PATHS = "$(inherited) @executable_path/Frameworks";
				PRODUCT_BUNDLE_IDENTIFIER = com.appuno.oomph;
				PRODUCT_NAME = "$(TARGET_NAME)";
				PROVISIONING_PROFILE_SPECIFIER = "";
				SWIFT_VERSION = 4.2;
				TARGETED_DEVICE_FAMILY = "1,2";
			};
			name = Release;
		};
/* End XCBuildConfiguration section */

/* Begin XCConfigurationList section */
		448446A420BE676F00207259 /* Build configuration list for PBXProject "oomph" */ = {
			isa = XCConfigurationList;
			buildConfigurations = (
				448446CF20BE676F00207259 /* Debug */,
				448446D020BE676F00207259 /* Release */,
			);
			defaultConfigurationIsVisible = 0;
			defaultConfigurationName = Release;
		};
		448446D120BE676F00207259 /* Build configuration list for PBXNativeTarget "oomph" */ = {
			isa = XCConfigurationList;
			buildConfigurations = (
				448446D220BE676F00207259 /* Debug */,
				448446D320BE676F00207259 /* Release */,
			);
			defaultConfigurationIsVisible = 0;
			defaultConfigurationName = Release;
		};
/* End XCConfigurationList section */
	};
	rootObject = 448446A120BE676F00207259 /* Project object */;
}
