PODS:
  - Alamofire (4.8.2)
  - IQKeyboardManagerSwift (6.2.1)
  - Kingfisher (5.3.1)
  - KMPlaceholderTextView (1.4.0)
  - MBProgressHUD (1.1.0)
  - SideMenu (5.0.3)
  - SwiftyJSON (4.2.0)

DEPENDENCIES:
  - Alamofire
  - IQKeyboardManagerSwift
  - Kingfisher
  - KMPlaceholderTextView
  - MBProgressHUD
  - SideMenu
  - SwiftyJSON (~> 4.2.0)

SPEC REPOS:
  https://github.com/cocoapods/specs.git:
    - Alamofire
    - IQKeyboardManagerSwift
    - Kingfisher
    - KMPlaceholderTextView
    - MBProgressHUD
    - SideMenu
    - SwiftyJSON

SPEC CHECKSUMS:
  Alamofire: ae5c501addb7afdbb13687d7f2f722c78734c2d3
  IQKeyboardManagerSwift: 0f0ae8935360b4003e6ea1ac7c19898f01e2f7c7
  Kingfisher: d9e7e0b209b59b8f9873aa2f37654e81a7beea51
  KMPlaceholderTextView: 2206c3df39979e9396e2d96fa9f427a8951121b0
  MBProgressHUD: e7baa36a220447d8aeb12769bf0585582f3866d9
  SideMenu: 1dcaabce84538c53325c287f7fe62999379a641c
  SwiftyJSON: c4bcba26dd9ec7a027fc8eade48e2c911f229e96

PODFILE CHECKSUM: b6b8ea8779e6363f527ef5ea637454680a2f9572

COCOAPODS: 1.6.1
